
Microsoft Visual Studio Solution File, Format Version 12.00
# Visual Studio Version 16
VisualStudioVersion = 16.0.29418.71
MinimumVisualStudioVersion = 10.0.40219.1
Project("{9A19103F-16F7-4668-BE54-9A1E7A4F7556}") = "Supermarket_checkout", "Supermarket_checkout\Supermarket_checkout.csproj", "{F612B2DC-9EA7-4F22-B5CD-810DCAB41A16}"
EndProject
Project("{FAE04EC0-301F-11D3-BF4B-00C04F79EFBC}") = "Supermarket_checkout_test", "Supermarket_checkout_test\Supermarket_checkout_test.csproj", "{A3DFFFDA-FA69-4864-BEDA-B8B1C5319A03}"
EndProject
Global
	GlobalSection(SolutionConfigurationPlatforms) = preSolution
		Debug|Any CPU = Debug|Any CPU
		Release|Any CPU = Release|Any CPU
	EndGlobalSection
	GlobalSection(ProjectConfigurationPlatforms) = postSolution
		{F612B2DC-9EA7-4F22-B5CD-810DCAB41A16}.Debug|Any CPU.ActiveCfg = Debug|Any CPU
		{F612B2DC-9EA7-4F22-B5CD-810DCAB41A16}.Debug|Any CPU.Build.0 = Debug|Any CPU
		{F612B2DC-9EA7-4F22-B5CD-810DCAB41A16}.Release|Any CPU.ActiveCfg = Release|Any CPU
		{F612B2DC-9EA7-4F22-B5CD-810DCAB41A16}.Release|Any CPU.Build.0 = Release|Any CPU
		{A3DFFFDA-FA69-4864-BEDA-B8B1C5319A03}.Debug|Any CPU.ActiveCfg = Debug|Any CPU
		{A3DFFFDA-FA69-4864-BEDA-B8B1C5319A03}.Debug|Any CPU.Build.0 = Debug|Any CPU
		{A3DFFFDA-FA69-4864-BEDA-B8B1C5319A03}.Release|Any CPU.ActiveCfg = Release|Any CPU
		{A3DFFFDA-FA69-4864-BEDA-B8B1C5319A03}.Release|Any CPU.Build.0 = Release|Any CPU
	EndGlobalSection
	GlobalSection(SolutionProperties) = preSolution
		HideSolutionNode = FALSE
	EndGlobalSection
	GlobalSection(ExtensibilityGlobals) = postSolution
		SolutionGuid = {2BD64F25-F96A-452E-AA8C-06012C445DBB}
	EndGlobalSection
EndGlobal
